// !$*UTF8*$!
{
	archiveVersion = 1;
	classes = {
	};
	objectVersion = 56;
	objects = {

/* Begin PBXBuildFile section */
		7EFB606B2A09DFBC001ECFDC /* AppDelegate.swift in Sources */ = {isa = PBXBuildFile; fileRef = 7EFB606A2A09DFBC001ECFDC /* AppDelegate.swift */; };
		7EFB606D2A09DFBC001ECFDC /* SceneDelegate.swift in Sources */ = {isa = PBXBuildFile; fileRef = 7EFB606C2A09DFBC001ECFDC /* SceneDelegate.swift */; };
		7EFB606F2A09DFBC001ECFDC /* ViewController.swift in Sources */ = {isa = PBXBuildFile; fileRef = 7EFB606E2A09DFBC001ECFDC /* ViewController.swift */; };
		7EFB60742A09DFBD001ECFDC /* Assets.xcassets in Resources */ = {isa = PBXBuildFile; fileRef = 7EFB60732A09DFBD001ECFDC /* Assets.xcassets */; };
		7EFB60772A09DFBD001ECFDC /* LaunchScreen.storyboard in Resources */ = {isa = PBXBuildFile; fileRef = 7EFB60752A09DFBD001ECFDC /* LaunchScreen.storyboard */; };
		7EFB60822A09DFBD001ECFDC /* SubbyTests.swift in Sources */ = {isa = PBXBuildFile; fileRef = 7EFB60812A09DFBD001ECFDC /* SubbyTests.swift */; };
		7EFB608C2A09DFBD001ECFDC /* SubbyUITests.swift in Sources */ = {isa = PBXBuildFile; fileRef = 7EFB608B2A09DFBD001ECFDC /* SubbyUITests.swift */; };
		7EFB608E2A09DFBD001ECFDC /* SubbyUITestsLaunchTests.swift in Sources */ = {isa = PBXBuildFile; fileRef = 7EFB608D2A09DFBD001ECFDC /* SubbyUITestsLaunchTests.swift */; };
/* End PBXBuildFile section */

/* Begin PBXContainerItemProxy section */
		7EFB607E2A09DFBD001ECFDC /* PBXContainerItemProxy */ = {
			isa = PBXContainerItemProxy;
			containerPortal = 7EFB605F2A09DFBC001ECFDC /* Project object */;
			proxyType = 1;
			remoteGlobalIDString = 7EFB60662A09DFBC001ECFDC;
			remoteInfo = Subby;
		};
		7EFB60882A09DFBD001ECFDC /* PBXContainerItemProxy */ = {
			isa = PBXContainerItemProxy;
			containerPortal = 7EFB605F2A09DFBC001ECFDC /* Project object */;
			proxyType = 1;
			remoteGlobalIDString = 7EFB60662A09DFBC001ECFDC;
			remoteInfo = Subby;
		};
/* End PBXContainerItemProxy section */

/* Begin PBXFileReference section */
		7EFB60672A09DFBC001ECFDC /* Subby.app */ = {isa = PBXFileReference; explicitFileType = wrapper.application; includeInIndex = 0; path = Subby.app; sourceTree = BUILT_PRODUCTS_DIR; };
		7EFB606A2A09DFBC001ECFDC /* AppDelegate.swift */ = {isa = PBXFileReference; lastKnownFileType = sourcecode.swift; path = AppDelegate.swift; sourceTree = "<group>"; };
		7EFB606C2A09DFBC001ECFDC /* SceneDelegate.swift */ = {isa = PBXFileReference; lastKnownFileType = sourcecode.swift; path = SceneDelegate.swift; sourceTree = "<group>"; };
		7EFB606E2A09DFBC001ECFDC /* ViewController.swift */ = {isa = PBXFileReference; lastKnownFileType = sourcecode.swift; path = ViewController.swift; sourceTree = "<group>"; };
		7EFB60732A09DFBD001ECFDC /* Assets.xcassets */ = {isa = PBXFileReference; lastKnownFileType = folder.assetcatalog; path = Assets.xcassets; sourceTree = "<group>"; };
		7EFB60762A09DFBD001ECFDC /* Base */ = {isa = PBXFileReference; lastKnownFileType = file.storyboard; name = Base; path = Base.lproj/LaunchScreen.storyboard; sourceTree = "<group>"; };
		7EFB60782A09DFBD001ECFDC /* Info.plist */ = {isa = PBXFileReference; lastKnownFileType = text.plist.xml; path = Info.plist; sourceTree = "<group>"; };
		7EFB607D2A09DFBD001ECFDC /* SubbyTests.xctest */ = {isa = PBXFileReference; explicitFileType = wrapper.cfbundle; includeInIndex = 0; path = SubbyTests.xctest; sourceTree = BUILT_PRODUCTS_DIR; };
		7EFB60812A09DFBD001ECFDC /* SubbyTests.swift */ = {isa = PBXFileReference; lastKnownFileType = sourcecode.swift; path = SubbyTests.swift; sourceTree = "<group>"; };
		7EFB60872A09DFBD001ECFDC /* SubbyUITests.xctest */ = {isa = PBXFileReference; explicitFileType = wrapper.cfbundle; includeInIndex = 0; path = SubbyUITests.xctest; sourceTree = BUILT_PRODUCTS_DIR; };
		7EFB608B2A09DFBD001ECFDC /* SubbyUITests.swift */ = {isa = PBXFileReference; lastKnownFileType = sourcecode.swift; path = SubbyUITests.swift; sourceTree = "<group>"; };
		7EFB608D2A09DFBD001ECFDC /* SubbyUITestsLaunchTests.swift */ = {isa = PBXFileReference; lastKnownFileType = sourcecode.swift; path = SubbyUITestsLaunchTests.swift; sourceTree = "<group>"; };
/* End PBXFileReference section */

/* Begin PBXFrameworksBuildPhase section */
		7EFB60642A09DFBC001ECFDC /* Frameworks */ = {
			isa = PBXFrameworksBuildPhase;
			buildActionMask = 2147483647;
			files = (
			);
			runOnlyForDeploymentPostprocessing = 0;
		};
		7EFB607A2A09DFBD001ECFDC /* Frameworks */ = {
			isa = PBXFrameworksBuildPhase;
			buildActionMask = 2147483647;
			files = (
			);
			runOnlyForDeploymentPostprocessing = 0;
		};
		7EFB60842A09DFBD001ECFDC /* Frameworks */ = {
			isa = PBXFrameworksBuildPhase;
			buildActionMask = 2147483647;
			files = (
			);
			runOnlyForDeploymentPostprocessing = 0;
		};
/* End PBXFrameworksBuildPhase section */

/* Begin PBXGroup section */
		7EFB605E2A09DFBC001ECFDC = {
			isa = PBXGroup;
			children = (
				7EFB60692A09DFBC001ECFDC /* Subby */,
				7EFB60802A09DFBD001ECFDC /* SubbyTests */,
				7EFB608A2A09DFBD001ECFDC /* SubbyUITests */,
				7EFB60682A09DFBC001ECFDC /* Products */,
			);
			sourceTree = "<group>";
		};
		7EFB60682A09DFBC001ECFDC /* Products */ = {
			isa = PBXGroup;
			children = (
				7EFB60672A09DFBC001ECFDC /* Subby.app */,
				7EFB607D2A09DFBD001ECFDC /* SubbyTests.xctest */,
				7EFB60872A09DFBD001ECFDC /* SubbyUITests.xctest */,
			);
			name = Products;
			sourceTree = "<group>";
		};
		7EFB60692A09DFBC001ECFDC /* Subby */ = {
			isa = PBXGroup;
			children = (
				7EFB606A2A09DFBC001ECFDC /* AppDelegate.swift */,
				7EFB606C2A09DFBC001ECFDC /* SceneDelegate.swift */,
				7EFB606E2A09DFBC001ECFDC /* ViewController.swift */,
				7EFB60732A09DFBD001ECFDC /* Assets.xcassets */,
				7EFB60752A09DFBD001ECFDC /* LaunchScreen.storyboard */,
				7EFB60782A09DFBD001ECFDC /* Info.plist */,
			);
			path = Subby;
			sourceTree = "<group>";
		};
		7EFB60802A09DFBD001ECFDC /* SubbyTests */ = {
			isa = PBXGroup;
			children = (
				7EFB60812A09DFBD001ECFDC /* SubbyTests.swift */,
			);
			path = SubbyTests;
			sourceTree = "<group>";
		};
		7EFB608A2A09DFBD001ECFDC /* SubbyUITests */ = {
			isa = PBXGroup;
			children = (
				7EFB608B2A09DFBD001ECFDC /* SubbyUITests.swift */,
				7EFB608D2A09DFBD001ECFDC /* SubbyUITestsLaunchTests.swift */,
			);
			path = SubbyUITests;
			sourceTree = "<group>";
		};
/* End PBXGroup section */

/* Begin PBXNativeTarget section */
		7EFB60662A09DFBC001ECFDC /* Subby */ = {
			isa = PBXNativeTarget;
			buildConfigurationList = 7EFB60912A09DFBD001ECFDC /* Build configuration list for PBXNativeTarget "Subby" */;
			buildPhases = (
				7EFB60632A09DFBC001ECFDC /* Sources */,
				7EFB60642A09DFBC001ECFDC /* Frameworks */,
				7EFB60652A09DFBC001ECFDC /* Resources */,
			);
			buildRules = (
			);
			dependencies = (
			);
			name = Subby;
			productName = Subby;
			productReference = 7EFB60672A09DFBC001ECFDC /* Subby.app */;
			productType = "com.apple.product-type.application";
		};
		7EFB607C2A09DFBD001ECFDC /* SubbyTests */ = {
			isa = PBXNativeTarget;
			buildConfigurationList = 7EFB60942A09DFBD001ECFDC /* Build configuration list for PBXNativeTarget "SubbyTests" */;
			buildPhases = (
				7EFB60792A09DFBD001ECFDC /* Sources */,
				7EFB607A2A09DFBD001ECFDC /* Frameworks */,
				7EFB607B2A09DFBD001ECFDC /* Resources */,
			);
			buildRules = (
			);
			dependencies = (
				7EFB607F2A09DFBD001ECFDC /* PBXTargetDependency */,
			);
			name = SubbyTests;
			productName = SubbyTests;
			productReference = 7EFB607D2A09DFBD001ECFDC /* SubbyTests.xctest */;
			productType = "com.apple.product-type.bundle.unit-test";
		};
		7EFB60862A09DFBD001ECFDC /* SubbyUITests */ = {
			isa = PBXNativeTarget;
			buildConfigurationList = 7EFB60972A09DFBD001ECFDC /* Build configuration list for PBXNativeTarget "SubbyUITests" */;
			buildPhases = (
				7EFB60832A09DFBD001ECFDC /* Sources */,
				7EFB60842A09DFBD001ECFDC /* Frameworks */,
				7EFB60852A09DFBD001ECFDC /* Resources */,
			);
			buildRules = (
			);
			dependencies = (
				7EFB60892A09DFBD001ECFDC /* PBXTargetDependency */,
			);
			name = SubbyUITests;
			productName = SubbyUITests;
			productReference = 7EFB60872A09DFBD001ECFDC /* SubbyUITests.xctest */;
			productType = "com.apple.product-type.bundle.ui-testing";
		};
/* End PBXNativeTarget section */

/* Begin PBXProject section */
		7EFB605F2A09DFBC001ECFDC /* Project object */ = {
			isa = PBXProject;
			attributes = {
				BuildIndependentTargetsInParallel = 1;
				LastSwiftUpdateCheck = 1430;
				LastUpgradeCheck = 1430;
				TargetAttributes = {
					7EFB60662A09DFBC001ECFDC = {
						CreatedOnToolsVersion = 14.3;
					};
					7EFB607C2A09DFBD001ECFDC = {
						CreatedOnToolsVersion = 14.3;
						TestTargetID = 7EFB60662A09DFBC001ECFDC;
					};
					7EFB60862A09DFBD001ECFDC = {
						CreatedOnToolsVersion = 14.3;
						TestTargetID = 7EFB60662A09DFBC001ECFDC;
					};
				};
			};
			buildConfigurationList = 7EFB60622A09DFBC001ECFDC /* Build configuration list for PBXProject "Subby" */;
			compatibilityVersion = "Xcode 14.0";
			developmentRegion = en;
			hasScannedForEncodings = 0;
			knownRegions = (
				en,
				Base,
			);
			mainGroup = 7EFB605E2A09DFBC001ECFDC;
			productRefGroup = 7EFB60682A09DFBC001ECFDC /* Products */;
			projectDirPath = "";
			projectRoot = "";
			targets = (
				7EFB60662A09DFBC001ECFDC /* Subby */,
				7EFB607C2A09DFBD001ECFDC /* SubbyTests */,
				7EFB60862A09DFBD001ECFDC /* SubbyUITests */,
			);
		};
/* End PBXProject section */

/* Begin PBXResourcesBuildPhase section */
		7EFB60652A09DFBC001ECFDC /* Resources */ = {
			isa = PBXResourcesBuildPhase;
			buildActionMask = 2147483647;
			files = (
				7EFB60772A09DFBD001ECFDC /* LaunchScreen.storyboard in Resources */,
				7EFB60742A09DFBD001ECFDC /* Assets.xcassets in Resources */,
			);
			runOnlyForDeploymentPostprocessing = 0;
		};
		7EFB607B2A09DFBD001ECFDC /* Resources */ = {
			isa = PBXResourcesBuildPhase;
			buildActionMask = 2147483647;
			files = (
			);
			runOnlyForDeploymentPostprocessing = 0;
		};
		7EFB60852A09DFBD001ECFDC /* Resources */ = {
			isa = PBXResourcesBuildPhase;
			buildActionMask = 2147483647;
			files = (
			);
			runOnlyForDeploymentPostprocessing = 0;
		};
/* End PBXResourcesBuildPhase section */

/* Begin PBXSourcesBuildPhase section */
		7EFB60632A09DFBC001ECFDC /* Sources */ = {
			isa = PBXSourcesBuildPhase;
			buildActionMask = 2147483647;
			files = (
				7EFB606F2A09DFBC001ECFDC /* ViewController.swift in Sources */,
				7EFB606B2A09DFBC001ECFDC /* AppDelegate.swift in Sources */,
				7EFB606D2A09DFBC001ECFDC /* SceneDelegate.swift in Sources */,
			);
			runOnlyForDeploymentPostprocessing = 0;
		};
		7EFB60792A09DFBD001ECFDC /* Sources */ = {
			isa = PBXSourcesBuildPhase;
			buildActionMask = 2147483647;
			files = (
				7EFB60822A09DFBD001ECFDC /* SubbyTests.swift in Sources */,
			);
			runOnlyForDeploymentPostprocessing = 0;
		};
		7EFB60832A09DFBD001ECFDC /* Sources */ = {
			isa = PBXSourcesBuildPhase;
			buildActionMask = 2147483647;
			files = (
				7EFB608E2A09DFBD001ECFDC /* SubbyUITestsLaunchTests.swift in Sources */,
				7EFB608C2A09DFBD001ECFDC /* SubbyUITests.swift in Sources */,
			);
			runOnlyForDeploymentPostprocessing = 0;
		};
/* End PBXSourcesBuildPhase section */

/* Begin PBXTargetDependency section */
		7EFB607F2A09DFBD001ECFDC /* PBXTargetDependency */ = {
			isa = PBXTargetDependency;
			target = 7EFB60662A09DFBC001ECFDC /* Subby */;
			targetProxy = 7EFB607E2A09DFBD001ECFDC /* PBXContainerItemProxy */;
		};
		7EFB60892A09DFBD001ECFDC /* PBXTargetDependency */ = {
			isa = PBXTargetDependency;
			target = 7EFB60662A09DFBC001ECFDC /* Subby */;
			targetProxy = 7EFB60882A09DFBD001ECFDC /* PBXContainerItemProxy */;
		};
/* End PBXTargetDependency section */

/* Begin PBXVariantGroup section */
		7EFB60752A09DFBD001ECFDC /* LaunchScreen.storyboard */ = {
			isa = PBXVariantGroup;
			children = (
				7EFB60762A09DFBD001ECFDC /* Base */,
			);
			name = LaunchScreen.storyboard;
			sourceTree = "<group>";
		};
/* End PBXVariantGroup section */

/* Begin XCBuildConfiguration section */
		7EFB608F2A09DFBD001ECFDC /* Debug */ = {
			isa = XCBuildConfiguration;
			buildSettings = {
				ALWAYS_SEARCH_USER_PATHS = NO;
				CLANG_ANALYZER_NONNULL = YES;
				CLANG_ANALYZER_NUMBER_OBJECT_CONVERSION = YES_AGGRESSIVE;
				CLANG_CXX_LANGUAGE_STANDARD = "gnu++20";
				CLANG_ENABLE_MODULES = YES;
				CLANG_ENABLE_OBJC_ARC = YES;
				CLANG_ENABLE_OBJC_WEAK = YES;
				CLANG_WARN_BLOCK_CAPTURE_AUTORELEASING = YES;
				CLANG_WARN_BOOL_CONVERSION = YES;
				CLANG_WARN_COMMA = YES;
				CLANG_WARN_CONSTANT_CONVERSION = YES;
				CLANG_WARN_DEPRECATED_OBJC_IMPLEMENTATIONS = YES;
				CLANG_WARN_DIRECT_OBJC_ISA_USAGE = YES_ERROR;
				CLANG_WARN_DOCUMENTATION_COMMENTS = YES;
				CLANG_WARN_EMPTY_BODY = YES;
				CLANG_WARN_ENUM_CONVERSION = YES;
				CLANG_WARN_INFINITE_RECURSION = YES;
				CLANG_WARN_INT_CONVERSION = YES;
				CLANG_WARN_NON_LITERAL_NULL_CONVERSION = YES;
				CLANG_WARN_OBJC_IMPLICIT_RETAIN_SELF = YES;
				CLANG_WARN_OBJC_LITERAL_CONVERSION = YES;
				CLANG_WARN_OBJC_ROOT_CLASS = YES_ERROR;
				CLANG_WARN_QUOTED_INCLUDE_IN_FRAMEWORK_HEADER = YES;
				CLANG_WARN_RANGE_LOOP_ANALYSIS = YES;
				CLANG_WARN_STRICT_PROTOTYPES = YES;
				CLANG_WARN_SUSPICIOUS_MOVE = YES;
				CLANG_WARN_UNGUARDED_AVAILABILITY = YES_AGGRESSIVE;
				CLANG_WARN_UNREACHABLE_CODE = YES;
				CLANG_WARN__DUPLICATE_METHOD_MATCH = YES;
				COPY_PHASE_STRIP = NO;
				DEBUG_INFORMATION_FORMAT = dwarf;
				ENABLE_STRICT_OBJC_MSGSEND = YES;
				ENABLE_TESTABILITY = YES;
				GCC_C_LANGUAGE_STANDARD = gnu11;
				GCC_DYNAMIC_NO_PIC = NO;
				GCC_NO_COMMON_BLOCKS = YES;
				GCC_OPTIMIZATION_LEVEL = 0;
				GCC_PREPROCESSOR_DEFINITIONS = (
					"DEBUG=1",
					"$(inherited)",
				);
				GCC_WARN_64_TO_32_BIT_CONVERSION = YES;
				GCC_WARN_ABOUT_RETURN_TYPE = YES_ERROR;
				GCC_WARN_UNDECLARED_SELECTOR = YES;
				GCC_WARN_UNINITIALIZED_AUTOS = YES_AGGRESSIVE;
				GCC_WARN_UNUSED_FUNCTION = YES;
				GCC_WARN_UNUSED_VARIABLE = YES;
				IPHONEOS_DEPLOYMENT_TARGET = 16.4;
				MTL_ENABLE_DEBUG_INFO = INCLUDE_SOURCE;
				MTL_FAST_MATH = YES;
				ONLY_ACTIVE_ARCH = YES;
				SDKROOT = iphoneos;
				SWIFT_ACTIVE_COMPILATION_CONDITIONS = DEBUG;
				SWIFT_OPTIMIZATION_LEVEL = "-Onone";
			};
			name = Debug;
		};
		7EFB60902A09DFBD001ECFDC /* Release */ = {
			isa = XCBuildConfiguration;
			buildSettings = {
				ALWAYS_SEARCH_USER_PATHS = NO;
				CLANG_ANALYZER_NONNULL = YES;
				CLANG_ANALYZER_NUMBER_OBJECT_CONVERSION = YES_AGGRESSIVE;
				CLANG_CXX_LANGUAGE_STANDARD = "gnu++20";
				CLANG_ENABLE_MODULES = YES;
				CLANG_ENABLE_OBJC_ARC = YES;
				CLANG_ENABLE_OBJC_WEAK = YES;
				CLANG_WARN_BLOCK_CAPTURE_AUTORELEASING = YES;
				CLANG_WARN_BOOL_CONVERSION = YES;
				CLANG_WARN_COMMA = YES;
				CLANG_WARN_CONSTANT_CONVERSION = YES;
				CLANG_WARN_DEPRECATED_OBJC_IMPLEMENTATIONS = YES;
				CLANG_WARN_DIRECT_OBJC_ISA_USAGE = YES_ERROR;
				CLANG_WARN_DOCUMENTATION_COMMENTS = YES;
				CLANG_WARN_EMPTY_BODY = YES;
				CLANG_WARN_ENUM_CONVERSION = YES;
				CLANG_WARN_INFINITE_RECURSION = YES;
				CLANG_WARN_INT_CONVERSION = YES;
				CLANG_WARN_NON_LITERAL_NULL_CONVERSION = YES;
				CLANG_WARN_OBJC_IMPLICIT_RETAIN_SELF = YES;
				CLANG_WARN_OBJC_LITERAL_CONVERSION = YES;
				CLANG_WARN_OBJC_ROOT_CLASS = YES_ERROR;
				CLANG_WARN_QUOTED_INCLUDE_IN_FRAMEWORK_HEADER = YES;
				CLANG_WARN_RANGE_LOOP_ANALYSIS = YES;
				CLANG_WARN_STRICT_PROTOTYPES = YES;
				CLANG_WARN_SUSPICIOUS_MOVE = YES;
				CLANG_WARN_UNGUARDED_AVAILABILITY = YES_AGGRESSIVE;
				CLANG_WARN_UNREACHABLE_CODE = YES;
				CLANG_WARN__DUPLICATE_METHOD_MATCH = YES;
				COPY_PHASE_STRIP = NO;
				DEBUG_INFORMATION_FORMAT = "dwarf-with-dsym";
				ENABLE_NS_ASSERTIONS = NO;
				ENABLE_STRICT_OBJC_MSGSEND = YES;
				GCC_C_LANGUAGE_STANDARD = gnu11;
				GCC_NO_COMMON_BLOCKS = YES;
				GCC_WARN_64_TO_32_BIT_CONVERSION = YES;
				GCC_WARN_ABOUT_RETURN_TYPE = YES_ERROR;
				GCC_WARN_UNDECLARED_SELECTOR = YES;
				GCC_WARN_UNINITIALIZED_AUTOS = YES_AGGRESSIVE;
				GCC_WARN_UNUSED_FUNCTION = YES;
				GCC_WARN_UNUSED_VARIABLE = YES;
				IPHONEOS_DEPLOYMENT_TARGET = 16.4;
				MTL_ENABLE_DEBUG_INFO = NO;
				MTL_FAST_MATH = YES;
				SDKROOT = iphoneos;
				SWIFT_COMPILATION_MODE = wholemodule;
				SWIFT_OPTIMIZATION_LEVEL = "-O";
				VALIDATE_PRODUCT = YES;
			};
			name = Release;
		};
		7EFB60922A09DFBD001ECFDC /* Debug */ = {
			isa = XCBuildConfiguration;
			buildSettings = {
				ASSETCATALOG_COMPILER_APPICON_NAME = AppIcon;
				ASSETCATALOG_COMPILER_GLOBAL_ACCENT_COLOR_NAME = AccentColor;
				CODE_SIGN_STYLE = Automatic;
				CURRENT_PROJECT_VERSION = 1;
				GENERATE_INFOPLIST_FILE = YES;
				INFOPLIST_FILE = Subby/Info.plist;
				INFOPLIST_KEY_UIApplicationSupportsIndirectInputEvents = YES;
				INFOPLIST_KEY_UILaunchStoryboardName = LaunchScreen;
				INFOPLIST_KEY_UISupportedInterfaceOrientations_iPad = "UIInterfaceOrientationPortrait UIInterfaceOrientationPortraitUpsideDown UIInterfaceOrientationLandscapeLeft UIInterfaceOrientationLandscapeRight";
				INFOPLIST_KEY_UISupportedInterfaceOrientations_iPhone = "UIInterfaceOrientationPortrait UIInterfaceOrientationLandscapeLeft UIInterfaceOrientationLandscapeRight";
				LD_RUNPATH_SEARCH_PATHS = (
					"$(inherited)",
					"@executable_path/Frameworks",
				);
				MARKETING_VERSION = 1.0;
				PRODUCT_BUNDLE_IDENTIFIER = com.stealthmountain.Subby;
				PRODUCT_NAME = "$(TARGET_NAME)";
				SWIFT_EMIT_LOC_STRINGS = YES;
				SWIFT_VERSION = 5.0;
				TARGETED_DEVICE_FAMILY = "1,2";
			};
			name = Debug;
		};
		7EFB60932A09DFBD001ECFDC /* Release */ = {
			isa = XCBuildConfiguration;
			buildSettings = {
				ASSETCATALOG_COMPILER_APPICON_NAME = AppIcon;
				ASSETCATALOG_COMPILER_GLOBAL_ACCENT_COLOR_NAME = AccentColor;
				CODE_SIGN_STYLE = Automatic;
				CURRENT_PROJECT_VERSION = 1;
				GENERATE_INFOPLIST_FILE = YES;
				INFOPLIST_FILE = Subby/Info.plist;
				INFOPLIST_KEY_UIApplicationSupportsIndirectInputEvents = YES;
				INFOPLIST_KEY_UILaunchStoryboardName = LaunchScreen;
				INFOPLIST_KEY_UISupportedInterfaceOrientations_iPad = "UIInterfaceOrientationPortrait UIInterfaceOrientationPortraitUpsideDown UIInterfaceOrientationLandscapeLeft UIInterfaceOrientationLandscapeRight";
				INFOPLIST_KEY_UISupportedInterfaceOrientations_iPhone = "UIInterfaceOrientationPortrait UIInterfaceOrientationLandscapeLeft UIInterfaceOrientationLandscapeRight";
				LD_RUNPATH_SEARCH_PATHS = (
					"$(inherited)",
					"@executable_path/Frameworks",
				);
				MARKETING_VERSION = 1.0;
				PRODUCT_BUNDLE_IDENTIFIER = com.stealthmountain.Subby;
				PRODUCT_NAME = "$(TARGET_NAME)";
				SWIFT_EMIT_LOC_STRINGS = YES;
				SWIFT_VERSION = 5.0;
				TARGETED_DEVICE_FAMILY = "1,2";
			};
			name = Release;
		};
		7EFB60952A09DFBD001ECFDC /* Debug */ = {
			isa = XCBuildConfiguration;
			buildSettings = {
				ALWAYS_EMBED_SWIFT_STANDARD_LIBRARIES = YES;
				BUNDLE_LOADER = "$(TEST_HOST)";
				CODE_SIGN_STYLE = Automatic;
				CURRENT_PROJECT_VERSION = 1;
				GENERATE_INFOPLIST_FILE = YES;
				IPHONEOS_DEPLOYMENT_TARGET = 16.4;
				MARKETING_VERSION = 1.0;
				PRODUCT_BUNDLE_IDENTIFIER = com.stealthmountain.SubbyTests;
				PRODUCT_NAME = "$(TARGET_NAME)";
				SWIFT_EMIT_LOC_STRINGS = NO;
				SWIFT_VERSION = 5.0;
				TARGETED_DEVICE_FAMILY = "1,2";
				TEST_HOST = "$(BUILT_PRODUCTS_DIR)/Subby.app/$(BUNDLE_EXECUTABLE_FOLDER_PATH)/Subby";
			};
			name = Debug;
		};
		7EFB60962A09DFBD001ECFDC /* Release */ = {
			isa = XCBuildConfiguration;
			buildSettings = {
				ALWAYS_EMBED_SWIFT_STANDARD_LIBRARIES = YES;
				BUNDLE_LOADER = "$(TEST_HOST)";
				CODE_SIGN_STYLE = Automatic;
				CURRENT_PROJECT_VERSION = 1;
				GENERATE_INFOPLIST_FILE = YES;
				IPHONEOS_DEPLOYMENT_TARGET = 16.4;
				MARKETING_VERSION = 1.0;
				PRODUCT_BUNDLE_IDENTIFIER = com.stealthmountain.SubbyTests;
				PRODUCT_NAME = "$(TARGET_NAME)";
				SWIFT_EMIT_LOC_STRINGS = NO;
				SWIFT_VERSION = 5.0;
				TARGETED_DEVICE_FAMILY = "1,2";
				TEST_HOST = "$(BUILT_PRODUCTS_DIR)/Subby.app/$(BUNDLE_EXECUTABLE_FOLDER_PATH)/Subby";
			};
			name = Release;
		};
		7EFB60982A09DFBD001ECFDC /* Debug */ = {
			isa = XCBuildConfiguration;
			buildSettings = {
				ALWAYS_EMBED_SWIFT_STANDARD_LIBRARIES = YES;
				CODE_SIGN_STYLE = Automatic;
				CURRENT_PROJECT_VERSION = 1;
				GENERATE_INFOPLIST_FILE = YES;
				MARKETING_VERSION = 1.0;
				PRODUCT_BUNDLE_IDENTIFIER = com.stealthmountain.SubbyUITests;
				PRODUCT_NAME = "$(TARGET_NAME)";
				SWIFT_EMIT_LOC_STRINGS = NO;
				SWIFT_VERSION = 5.0;
				TARGETED_DEVICE_FAMILY = "1,2";
				TEST_TARGET_NAME = Subby;
			};
			name = Debug;
		};
		7EFB60992A09DFBD001ECFDC /* Release */ = {
			isa = XCBuildConfiguration;
			buildSettings = {
				ALWAYS_EMBED_SWIFT_STANDARD_LIBRARIES = YES;
				CODE_SIGN_STYLE = Automatic;
				CURRENT_PROJECT_VERSION = 1;
				GENERATE_INFOPLIST_FILE = YES;
				MARKETING_VERSION = 1.0;
				PRODUCT_BUNDLE_IDENTIFIER = com.stealthmountain.SubbyUITests;
				PRODUCT_NAME = "$(TARGET_NAME)";
				SWIFT_EMIT_LOC_STRINGS = NO;
				SWIFT_VERSION = 5.0;
				TARGETED_DEVICE_FAMILY = "1,2";
				TEST_TARGET_NAME = Subby;
			};
			name = Release;
		};
/* End XCBuildConfiguration section */

/* Begin XCConfigurationList section */
		7EFB60622A09DFBC001ECFDC /* Build configuration list for PBXProject "Subby" */ = {
			isa = XCConfigurationList;
			buildConfigurations = (
				7EFB608F2A09DFBD001ECFDC /* Debug */,
				7EFB60902A09DFBD001ECFDC /* Release */,
			);
			defaultConfigurationIsVisible = 0;
			defaultConfigurationName = Release;
		};
		7EFB60912A09DFBD001ECFDC /* Build configuration list for PBXNativeTarget "Subby" */ = {
			isa = XCConfigurationList;
			buildConfigurations = (
				7EFB60922A09DFBD001ECFDC /* Debug */,
				7EFB60932A09DFBD001ECFDC /* Release */,
			);
			defaultConfigurationIsVisible = 0;
			defaultConfigurationName = Release;
		};
		7EFB60942A09DFBD001ECFDC /* Build configuration list for PBXNativeTarget "SubbyTests" */ = {
			isa = XCConfigurationList;
			buildConfigurations = (
				7EFB60952A09DFBD001ECFDC /* Debug */,
				7EFB60962A09DFBD001ECFDC /* Release */,
			);
			defaultConfigurationIsVisible = 0;
			defaultConfigurationName = Release;
		};
		7EFB60972A09DFBD001ECFDC /* Build configuration list for PBXNativeTarget "SubbyUITests" */ = {
			isa = XCConfigurationList;
			buildConfigurations = (
				7EFB60982A09DFBD001ECFDC /* Debug */,
				7EFB60992A09DFBD001ECFDC /* Release */,
			);
			defaultConfigurationIsVisible = 0;
			defaultConfigurationName = Release;
		};
/* End XCConfigurationList section */
	};
	rootObject = 7EFB605F2A09DFBC001ECFDC /* Project object */;
}
